// !$*UTF8*$!
{
	archiveVersion = 1;
	classes = {
	};
	objectVersion = 56;
	objects = {

/* Begin PBXBuildFile section */
		2B3B06AC29BAB44900436DA4 /* CircleImage.swift in Sources */ = {isa = PBXBuildFile; fileRef = 2B3B06AB29BAB44900436DA4 /* CircleImage.swift */; };
		FABC63512954B500004B147C /* PokedexApp.swift in Sources */ = {isa = PBXBuildFile; fileRef = FABC63502954B500004B147C /* PokedexApp.swift */; };
		FABC63532954B500004B147C /* ContentView.swift in Sources */ = {isa = PBXBuildFile; fileRef = FABC63522954B500004B147C /* ContentView.swift */; };
		FABC63552954B503004B147C /* Assets.xcassets in Resources */ = {isa = PBXBuildFile; fileRef = FABC63542954B503004B147C /* Assets.xcassets */; };
		FABC63582954B503004B147C /* Preview Assets.xcassets in Resources */ = {isa = PBXBuildFile; fileRef = FABC63572954B503004B147C /* Preview Assets.xcassets */; };
		FABC63602954B5DB004B147C /* PokemonCell.swift in Sources */ = {isa = PBXBuildFile; fileRef = FABC635F2954B5DB004B147C /* PokemonCell.swift */; };
		FABC63622954BA17004B147C /* PokemonImage.swift in Sources */ = {isa = PBXBuildFile; fileRef = FABC63612954BA17004B147C /* PokemonImage.swift */; };
		FABC63642954DFA8004B147C /* PokemonList.swift in Sources */ = {isa = PBXBuildFile; fileRef = FABC63632954DFA8004B147C /* PokemonList.swift */; };
		FABC636729551ED9004B147C /* Pokemon.swift in Sources */ = {isa = PBXBuildFile; fileRef = FABC636629551ED9004B147C /* Pokemon.swift */; };
		FABC6369295523B4004B147C /* PokemonManager.swift in Sources */ = {isa = PBXBuildFile; fileRef = FABC6368295523B4004B147C /* PokemonManager.swift */; };
		FABC636C2955242E004B147C /* Pokemons.json in Resources */ = {isa = PBXBuildFile; fileRef = FABC636B2955242E004B147C /* Pokemons.json */; };
		FABC636E2956A280004B147C /* PokemonInfo.swift in Sources */ = {isa = PBXBuildFile; fileRef = FABC636D2956A280004B147C /* PokemonInfo.swift */; };
/* End PBXBuildFile section */

/* Begin PBXFileReference section */
		2B3B06AB29BAB44900436DA4 /* CircleImage.swift */ = {isa = PBXFileReference; lastKnownFileType = sourcecode.swift; path = CircleImage.swift; sourceTree = "<group>"; };
		FABC634D2954B500004B147C /* Pokedex.app */ = {isa = PBXFileReference; explicitFileType = wrapper.application; includeInIndex = 0; path = Pokedex.app; sourceTree = BUILT_PRODUCTS_DIR; };
		FABC63502954B500004B147C /* PokedexApp.swift */ = {isa = PBXFileReference; lastKnownFileType = sourcecode.swift; path = PokedexApp.swift; sourceTree = "<group>"; };
		FABC63522954B500004B147C /* ContentView.swift */ = {isa = PBXFileReference; lastKnownFileType = sourcecode.swift; path = ContentView.swift; sourceTree = "<group>"; };
		FABC63542954B503004B147C /* Assets.xcassets */ = {isa = PBXFileReference; lastKnownFileType = folder.assetcatalog; path = Assets.xcassets; sourceTree = "<group>"; };
		FABC63572954B503004B147C /* Preview Assets.xcassets */ = {isa = PBXFileReference; lastKnownFileType = folder.assetcatalog; path = "Preview Assets.xcassets"; sourceTree = "<group>"; };
		FABC635F2954B5DB004B147C /* PokemonCell.swift */ = {isa = PBXFileReference; lastKnownFileType = sourcecode.swift; path = PokemonCell.swift; sourceTree = "<group>"; };
		FABC63612954BA17004B147C /* PokemonImage.swift */ = {isa = PBXFileReference; lastKnownFileType = sourcecode.swift; path = PokemonImage.swift; sourceTree = "<group>"; };
		FABC63632954DFA8004B147C /* PokemonList.swift */ = {isa = PBXFileReference; lastKnownFileType = sourcecode.swift; path = PokemonList.swift; sourceTree = "<group>"; };
		FABC636629551ED9004B147C /* Pokemon.swift */ = {isa = PBXFileReference; lastKnownFileType = sourcecode.swift; path = Pokemon.swift; sourceTree = "<group>"; };
		FABC6368295523B4004B147C /* PokemonManager.swift */ = {isa = PBXFileReference; lastKnownFileType = sourcecode.swift; path = PokemonManager.swift; sourceTree = "<group>"; };
		FABC636B2955242E004B147C /* Pokemons.json */ = {isa = PBXFileReference; lastKnownFileType = text.json; path = Pokemons.json; sourceTree = "<group>"; };
		FABC636D2956A280004B147C /* PokemonInfo.swift */ = {isa = PBXFileReference; lastKnownFileType = sourcecode.swift; path = PokemonInfo.swift; sourceTree = "<group>"; };
/* End PBXFileReference section */

/* Begin PBXFrameworksBuildPhase section */
		FABC634A2954B500004B147C /* Frameworks */ = {
			isa = PBXFrameworksBuildPhase;
			buildActionMask = 2147483647;
			files = (
			);
			runOnlyForDeploymentPostprocessing = 0;
		};
/* End PBXFrameworksBuildPhase section */

/* Begin PBXGroup section */
		FABC63442954B500004B147C = {
			isa = PBXGroup;
			children = (
				FABC634F2954B500004B147C /* Pokedex */,
				FABC634E2954B500004B147C /* Products */,
			);
			sourceTree = "<group>";
		};
		FABC634E2954B500004B147C /* Products */ = {
			isa = PBXGroup;
			children = (
				FABC634D2954B500004B147C /* Pokedex.app */,
			);
			name = Products;
			sourceTree = "<group>";
		};
		FABC634F2954B500004B147C /* Pokedex */ = {
			isa = PBXGroup;
			children = (
				FABC636A29552412004B147C /* Resources */,
				FABC636529551E39004B147C /* Model */,
				FABC635E2954B569004B147C /* Views */,
				FABC63502954B500004B147C /* PokedexApp.swift */,
				FABC63542954B503004B147C /* Assets.xcassets */,
				FABC63562954B503004B147C /* Preview Content */,
			);
			path = Pokedex;
			sourceTree = "<group>";
		};
		FABC63562954B503004B147C /* Preview Content */ = {
			isa = PBXGroup;
			children = (
				FABC63572954B503004B147C /* Preview Assets.xcassets */,
			);
			path = "Preview Content";
			sourceTree = "<group>";
		};
		FABC635E2954B569004B147C /* Views */ = {
			isa = PBXGroup;
			children = (
				FABC63522954B500004B147C /* ContentView.swift */,
				FABC635F2954B5DB004B147C /* PokemonCell.swift */,
				FABC63612954BA17004B147C /* PokemonImage.swift */,
				FABC63632954DFA8004B147C /* PokemonList.swift */,
				FABC636D2956A280004B147C /* PokemonInfo.swift */,
				2B3B06AB29BAB44900436DA4 /* CircleImage.swift */,
			);
			path = Views;
			sourceTree = "<group>";
		};
		FABC636529551E39004B147C /* Model */ = {
			isa = PBXGroup;
			children = (
				FABC636629551ED9004B147C /* Pokemon.swift */,
				FABC6368295523B4004B147C /* PokemonManager.swift */,
			);
			path = Model;
			sourceTree = "<group>";
		};
		FABC636A29552412004B147C /* Resources */ = {
			isa = PBXGroup;
			children = (
				FABC636B2955242E004B147C /* Pokemons.json */,
			);
			path = Resources;
			sourceTree = "<group>";
		};
/* End PBXGroup section */

/* Begin PBXNativeTarget section */
		FABC634C2954B500004B147C /* Pokedex */ = {
			isa = PBXNativeTarget;
			buildConfigurationList = FABC635B2954B503004B147C /* Build configuration list for PBXNativeTarget "Pokedex" */;
			buildPhases = (
				FABC63492954B500004B147C /* Sources */,
				FABC634A2954B500004B147C /* Frameworks */,
				FABC634B2954B500004B147C /* Resources */,
			);
			buildRules = (
			);
			dependencies = (
			);
			name = Pokedex;
			productName = Pokedex;
			productReference = FABC634D2954B500004B147C /* Pokedex.app */;
			productType = "com.apple.product-type.application";
		};
/* End PBXNativeTarget section */

/* Begin PBXProject section */
		FABC63452954B500004B147C /* Project object */ = {
			isa = PBXProject;
			attributes = {
				BuildIndependentTargetsInParallel = 1;
				LastSwiftUpdateCheck = 1420;
				LastUpgradeCheck = 1420;
				TargetAttributes = {
					FABC634C2954B500004B147C = {
						CreatedOnToolsVersion = 14.2;
					};
				};
			};
			buildConfigurationList = FABC63482954B500004B147C /* Build configuration list for PBXProject "Pokedex" */;
			compatibilityVersion = "Xcode 14.0";
			developmentRegion = en;
			hasScannedForEncodings = 0;
			knownRegions = (
				en,
				Base,
			);
			mainGroup = FABC63442954B500004B147C;
			productRefGroup = FABC634E2954B500004B147C /* Products */;
			projectDirPath = "";
			projectRoot = "";
			targets = (
				FABC634C2954B500004B147C /* Pokedex */,
			);
		};
/* End PBXProject section */

/* Begin PBXResourcesBuildPhase section */
		FABC634B2954B500004B147C /* Resources */ = {
			isa = PBXResourcesBuildPhase;
			buildActionMask = 2147483647;
			files = (
				FABC63582954B503004B147C /* Preview Assets.xcassets in Resources */,
				FABC63552954B503004B147C /* Assets.xcassets in Resources */,
				FABC636C2955242E004B147C /* Pokemons.json in Resources */,
			);
			runOnlyForDeploymentPostprocessing = 0;
		};
/* End PBXResourcesBuildPhase section */

/* Begin PBXSourcesBuildPhase section */
		FABC63492954B500004B147C /* Sources */ = {
			isa = PBXSourcesBuildPhase;
			buildActionMask = 2147483647;
			files = (
				FABC63532954B500004B147C /* ContentView.swift in Sources */,
				FABC636E2956A280004B147C /* PokemonInfo.swift in Sources */,
				FABC6369295523B4004B147C /* PokemonManager.swift in Sources */,
				FABC63622954BA17004B147C /* PokemonImage.swift in Sources */,
				FABC63512954B500004B147C /* PokedexApp.swift in Sources */,
				2B3B06AC29BAB44900436DA4 /* CircleImage.swift in Sources */,
				FABC63602954B5DB004B147C /* PokemonCell.swift in Sources */,
				FABC63642954DFA8004B147C /* PokemonList.swift in Sources */,
				FABC636729551ED9004B147C /* Pokemon.swift in Sources */,
			);
			runOnlyForDeploymentPostprocessing = 0;
		};
/* End PBXSourcesBuildPhase section */

/* Begin XCBuildConfiguration section */
		FABC63592954B503004B147C /* Debug */ = {
			isa = XCBuildConfiguration;
			buildSettings = {
				ALWAYS_SEARCH_USER_PATHS = NO;
				CLANG_ANALYZER_NONNULL = YES;
				CLANG_ANALYZER_NUMBER_OBJECT_CONVERSION = YES_AGGRESSIVE;
				CLANG_CXX_LANGUAGE_STANDARD = "gnu++20";
				CLANG_ENABLE_MODULES = YES;
				CLANG_ENABLE_OBJC_ARC = YES;
				CLANG_ENABLE_OBJC_WEAK = YES;
				CLANG_WARN_BLOCK_CAPTURE_AUTORELEASING = YES;
				CLANG_WARN_BOOL_CONVERSION = YES;
				CLANG_WARN_COMMA = YES;
				CLANG_WARN_CONSTANT_CONVERSION = YES;
				CLANG_WARN_DEPRECATED_OBJC_IMPLEMENTATIONS = YES;
				CLANG_WARN_DIRECT_OBJC_ISA_USAGE = YES_ERROR;
				CLANG_WARN_DOCUMENTATION_COMMENTS = YES;
				CLANG_WARN_EMPTY_BODY = YES;
				CLANG_WARN_ENUM_CONVERSION = YES;
				CLANG_WARN_INFINITE_RECURSION = YES;
				CLANG_WARN_INT_CONVERSION = YES;
				CLANG_WARN_NON_LITERAL_NULL_CONVERSION = YES;
				CLANG_WARN_OBJC_IMPLICIT_RETAIN_SELF = YES;
				CLANG_WARN_OBJC_LITERAL_CONVERSION = YES;
				CLANG_WARN_OBJC_ROOT_CLASS = YES_ERROR;
				CLANG_WARN_QUOTED_INCLUDE_IN_FRAMEWORK_HEADER = YES;
				CLANG_WARN_RANGE_LOOP_ANALYSIS = YES;
				CLANG_WARN_STRICT_PROTOTYPES = YES;
				CLANG_WARN_SUSPICIOUS_MOVE = YES;
				CLANG_WARN_UNGUARDED_AVAILABILITY = YES_AGGRESSIVE;
				CLANG_WARN_UNREACHABLE_CODE = YES;
				CLANG_WARN__DUPLICATE_METHOD_MATCH = YES;
				COPY_PHASE_STRIP = NO;
				DEBUG_INFORMATION_FORMAT = dwarf;
				ENABLE_STRICT_OBJC_MSGSEND = YES;
				ENABLE_TESTABILITY = YES;
				GCC_C_LANGUAGE_STANDARD = gnu11;
				GCC_DYNAMIC_NO_PIC = NO;
				GCC_NO_COMMON_BLOCKS = YES;
				GCC_OPTIMIZATION_LEVEL = 0;
				GCC_PREPROCESSOR_DEFINITIONS = (
					"DEBUG=1",
					"$(inherited)",
				);
				GCC_WARN_64_TO_32_BIT_CONVERSION = YES;
				GCC_WARN_ABOUT_RETURN_TYPE = YES_ERROR;
				GCC_WARN_UNDECLARED_SELECTOR = YES;
				GCC_WARN_UNINITIALIZED_AUTOS = YES_AGGRESSIVE;
				GCC_WARN_UNUSED_FUNCTION = YES;
				GCC_WARN_UNUSED_VARIABLE = YES;
				IPHONEOS_DEPLOYMENT_TARGET = 16.2;
				MTL_ENABLE_DEBUG_INFO = INCLUDE_SOURCE;
				MTL_FAST_MATH = YES;
				ONLY_ACTIVE_ARCH = YES;
				SDKROOT = iphoneos;
				SWIFT_ACTIVE_COMPILATION_CONDITIONS = DEBUG;
				SWIFT_OPTIMIZATION_LEVEL = "-Onone";
			};
			name = Debug;
		};
		FABC635A2954B503004B147C /* Release */ = {
			isa = XCBuildConfiguration;
			buildSettings = {
				ALWAYS_SEARCH_USER_PATHS = NO;
				CLANG_ANALYZER_NONNULL = YES;
				CLANG_ANALYZER_NUMBER_OBJECT_CONVERSION = YES_AGGRESSIVE;
				CLANG_CXX_LANGUAGE_STANDARD = "gnu++20";
				CLANG_ENABLE_MODULES = YES;
				CLANG_ENABLE_OBJC_ARC = YES;
				CLANG_ENABLE_OBJC_WEAK = YES;
				CLANG_WARN_BLOCK_CAPTURE_AUTORELEASING = YES;
				CLANG_WARN_BOOL_CONVERSION = YES;
				CLANG_WARN_COMMA = YES;
				CLANG_WARN_CONSTANT_CONVERSION = YES;
				CLANG_WARN_DEPRECATED_OBJC_IMPLEMENTATIONS = YES;
				CLANG_WARN_DIRECT_OBJC_ISA_USAGE = YES_ERROR;
				CLANG_WARN_DOCUMENTATION_COMMENTS = YES;
				CLANG_WARN_EMPTY_BODY = YES;
				CLANG_WARN_ENUM_CONVERSION = YES;
				CLANG_WARN_INFINITE_RECURSION = YES;
				CLANG_WARN_INT_CONVERSION = YES;
				CLANG_WARN_NON_LITERAL_NULL_CONVERSION = YES;
				CLANG_WARN_OBJC_IMPLICIT_RETAIN_SELF = YES;
				CLANG_WARN_OBJC_LITERAL_CONVERSION = YES;
				CLANG_WARN_OBJC_ROOT_CLASS = YES_ERROR;
				CLANG_WARN_QUOTED_INCLUDE_IN_FRAMEWORK_HEADER = YES;
				CLANG_WARN_RANGE_LOOP_ANALYSIS = YES;
				CLANG_WARN_STRICT_PROTOTYPES = YES;
				CLANG_WARN_SUSPICIOUS_MOVE = YES;
				CLANG_WARN_UNGUARDED_AVAILABILITY = YES_AGGRESSIVE;
				CLANG_WARN_UNREACHABLE_CODE = YES;
				CLANG_WARN__DUPLICATE_METHOD_MATCH = YES;
				COPY_PHASE_STRIP = NO;
				DEBUG_INFORMATION_FORMAT = "dwarf-with-dsym";
				ENABLE_NS_ASSERTIONS = NO;
				ENABLE_STRICT_OBJC_MSGSEND = YES;
				GCC_C_LANGUAGE_STANDARD = gnu11;
				GCC_NO_COMMON_BLOCKS = YES;
				GCC_WARN_64_TO_32_BIT_CONVERSION = YES;
				GCC_WARN_ABOUT_RETURN_TYPE = YES_ERROR;
				GCC_WARN_UNDECLARED_SELECTOR = YES;
				GCC_WARN_UNINITIALIZED_AUTOS = YES_AGGRESSIVE;
				GCC_WARN_UNUSED_FUNCTION = YES;
				GCC_WARN_UNUSED_VARIABLE = YES;
				IPHONEOS_DEPLOYMENT_TARGET = 16.2;
				MTL_ENABLE_DEBUG_INFO = NO;
				MTL_FAST_MATH = YES;
				SDKROOT = iphoneos;
				SWIFT_COMPILATION_MODE = wholemodule;
				SWIFT_OPTIMIZATION_LEVEL = "-O";
				VALIDATE_PRODUCT = YES;
			};
			name = Release;
		};
		FABC635C2954B503004B147C /* Debug */ = {
			isa = XCBuildConfiguration;
			buildSettings = {
				ASSETCATALOG_COMPILER_APPICON_NAME = AppIcon;
				ASSETCATALOG_COMPILER_GLOBAL_ACCENT_COLOR_NAME = AccentColor;
				CODE_SIGN_STYLE = Automatic;
				CURRENT_PROJECT_VERSION = 1;
				DEVELOPMENT_ASSET_PATHS = "\"Pokedex/Preview Content\"";
				ENABLE_PREVIEWS = YES;
				GENERATE_INFOPLIST_FILE = YES;
				INFOPLIST_KEY_UIApplicationSceneManifest_Generation = YES;
				INFOPLIST_KEY_UIApplicationSupportsIndirectInputEvents = YES;
				INFOPLIST_KEY_UILaunchScreen_Generation = YES;
				INFOPLIST_KEY_UISupportedInterfaceOrientations = UIInterfaceOrientationPortrait;
				INFOPLIST_KEY_UISupportedInterfaceOrientations_iPad = "UIInterfaceOrientationLandscapeLeft UIInterfaceOrientationLandscapeRight UIInterfaceOrientationPortrait UIInterfaceOrientationPortraitUpsideDown";
				LD_RUNPATH_SEARCH_PATHS = (
					"$(inherited)",
					"@executable_path/Frameworks",
				);
				MARKETING_VERSION = 1.0;
				PRODUCT_BUNDLE_IDENTIFIER = com.Kafetzi.Pokedex;
				PRODUCT_NAME = "$(TARGET_NAME)";
				SWIFT_EMIT_LOC_STRINGS = YES;
				SWIFT_VERSION = 5.0;
				TARGETED_DEVICE_FAMILY = "1,2";
			};
			name = Debug;
		};
		FABC635D2954B503004B147C /* Release */ = {
			isa = XCBuildConfiguration;
			buildSettings = {
				ASSETCATALOG_COMPILER_APPICON_NAME = AppIcon;
				ASSETCATALOG_COMPILER_GLOBAL_ACCENT_COLOR_NAME = AccentColor;
				CODE_SIGN_STYLE = Automatic;
				CURRENT_PROJECT_VERSION = 1;
				DEVELOPMENT_ASSET_PATHS = "\"Pokedex/Preview Content\"";
				ENABLE_PREVIEWS = YES;
				GENERATE_INFOPLIST_FILE = YES;
				INFOPLIST_KEY_UIApplicationSceneManifest_Generation = YES;
				INFOPLIST_KEY_UIApplicationSupportsIndirectInputEvents = YES;
				INFOPLIST_KEY_UILaunchScreen_Generation = YES;
				INFOPLIST_KEY_UISupportedInterfaceOrientations = UIInterfaceOrientationPortrait;
				INFOPLIST_KEY_UISupportedInterfaceOrientations_iPad = "UIInterfaceOrientationLandscapeLeft UIInterfaceOrientationLandscapeRight UIInterfaceOrientationPortrait UIInterfaceOrientationPortraitUpsideDown";
				LD_RUNPATH_SEARCH_PATHS = (
					"$(inherited)",
					"@executable_path/Frameworks",
				);
				MARKETING_VERSION = 1.0;
				PRODUCT_BUNDLE_IDENTIFIER = com.Kafetzi.Pokedex;
				PRODUCT_NAME = "$(TARGET_NAME)";
				SWIFT_EMIT_LOC_STRINGS = YES;
				SWIFT_VERSION = 5.0;
				TARGETED_DEVICE_FAMILY = "1,2";
			};
			name = Release;
		};
/* End XCBuildConfiguration section */

/* Begin XCConfigurationList section */
		FABC63482954B500004B147C /* Build configuration list for PBXProject "Pokedex" */ = {
			isa = XCConfigurationList;
			buildConfigurations = (
				FABC63592954B503004B147C /* Debug */,
				FABC635A2954B503004B147C /* Release */,
			);
			defaultConfigurationIsVisible = 0;
			defaultConfigurationName = Release;
		};
		FABC635B2954B503004B147C /* Build configuration list for PBXNativeTarget "Pokedex" */ = {
			isa = XCConfigurationList;
			buildConfigurations = (
				FABC635C2954B503004B147C /* Debug */,
				FABC635D2954B503004B147C /* Release */,
			);
			defaultConfigurationIsVisible = 0;
			defaultConfigurationName = Release;
		};
/* End XCConfigurationList section */
	};
	rootObject = FABC63452954B500004B147C /* Project object */;
}
